Microsoft Visual Studio Solution File, Format Version 12.00
# Visual Studio Version 16
VisualStudioVersion = 16.0.29020.237
MinimumVisualStudioVersion = 10.0.40219.1
Project("{9A19103F-16F7-4668-BE54-9A1E7A4F7556}") = "Sale.Data.Model", "Sale.Data.Model\Sale.Data.Model.csproj", "{BE494E6F-3A0C-49D2-B934-6CFA50E78F4E}"
EndProject
Project("{9A19103F-16F7-4668-BE54-9A1E7A4F7556}") = "Sale.Data", "Sale.Data\Sale.Data.csproj", "{77508F52-870B-4F80-BC21-21469D62D2F1}"
EndProject
Project("{9A19103F-16F7-4668-BE54-9A1E7A4F7556}") = "Sale.Service", "Sale.Service\Sale.Service.csproj", "{6196582C-A0A5-4B1C-82B5-E587F07827AD}"
EndProject
Project("{9A19103F-16F7-4668-BE54-9A1E7A4F7556}") = "Sale.WebApp", "Sale.WebApp\Sale.WebApp.csproj", "{494D13F0-0920-448B-BF02-CA30A65560C3}"
EndProject
Global
	GlobalSection(SolutionConfigurationPlatforms) = preSolution
		Debug|Any CPU = Debug|Any CPU
		Debug|x86 = Debug|x86
		Release|Any CPU = Release|Any CPU
		Release|x86 = Release|x86
	EndGlobalSection
	GlobalSection(ProjectConfigurationPlatforms) = postSolution
		{BE494E6F-3A0C-49D2-B934-6CFA50E78F4E}.Debug|Any CPU.ActiveCfg = Debug|Any CPU
		{BE494E6F-3A0C-49D2-B934-6CFA50E78F4E}.Debug|Any CPU.Build.0 = Debug|Any CPU
		{BE494E6F-3A0C-49D2-B934-6CFA50E78F4E}.Debug|x86.ActiveCfg = Debug|Any CPU
		{BE494E6F-3A0C-49D2-B934-6CFA50E78F4E}.Debug|x86.Build.0 = Debug|Any CPU
		{BE494E6F-3A0C-49D2-B934-6CFA50E78F4E}.Release|Any CPU.ActiveCfg = Release|Any CPU
		{BE494E6F-3A0C-49D2-B934-6CFA50E78F4E}.Release|Any CPU.Build.0 = Release|Any CPU
		{BE494E6F-3A0C-49D2-B934-6CFA50E78F4E}.Release|x86.ActiveCfg = Release|Any CPU
		{BE494E6F-3A0C-49D2-B934-6CFA50E78F4E}.Release|x86.Build.0 = Release|Any CPU
		{77508F52-870B-4F80-BC21-21469D62D2F1}.Debug|Any CPU.ActiveCfg = Debug|Any CPU
		{77508F52-870B-4F80-BC21-21469D62D2F1}.Debug|Any CPU.Build.0 = Debug|Any CPU
		{77508F52-870B-4F80-BC21-21469D62D2F1}.Debug|x86.ActiveCfg = Debug|Any CPU
		{77508F52-870B-4F80-BC21-21469D62D2F1}.Debug|x86.Build.0 = Debug|Any CPU
		{77508F52-870B-4F80-BC21-21469D62D2F1}.Release|Any CPU.ActiveCfg = Release|Any CPU
		{77508F52-870B-4F80-BC21-21469D62D2F1}.Release|Any CPU.Build.0 = Release|Any CPU
		{77508F52-870B-4F80-BC21-21469D62D2F1}.Release|x86.ActiveCfg = Release|Any CPU
		{77508F52-870B-4F80-BC21-21469D62D2F1}.Release|x86.Build.0 = Release|Any CPU
		{6196582C-A0A5-4B1C-82B5-E587F07827AD}.Debug|Any CPU.ActiveCfg = Debug|Any CPU
		{6196582C-A0A5-4B1C-82B5-E587F07827AD}.Debug|Any CPU.Build.0 = Debug|Any CPU
		{6196582C-A0A5-4B1C-82B5-E587F07827AD}.Debug|x86.ActiveCfg = Debug|Any CPU
		{6196582C-A0A5-4B1C-82B5-E587F07827AD}.Debug|x86.Build.0 = Debug|Any CPU
		{6196582C-A0A5-4B1C-82B5-E587F07827AD}.Release|Any CPU.ActiveCfg = Release|Any CPU
		{6196582C-A0A5-4B1C-82B5-E587F07827AD}.Release|Any CPU.Build.0 = Release|Any CPU
		{6196582C-A0A5-4B1C-82B5-E587F07827AD}.Release|x86.ActiveCfg = Release|Any CPU
		{6196582C-A0A5-4B1C-82B5-E587F07827AD}.Release|x86.Build.0 = Release|Any CPU
		{494D13F0-0920-448B-BF02-CA30A65560C3}.Debug|Any CPU.ActiveCfg = Debug|Any CPU
		{494D13F0-0920-448B-BF02-CA30A65560C3}.Debug|Any CPU.Build.0 = Debug|Any CPU
		{494D13F0-0920-448B-BF02-CA30A65560C3}.Debug|x86.ActiveCfg = Debug|Any CPU
		{494D13F0-0920-448B-BF02-CA30A65560C3}.Debug|x86.Build.0 = Debug|Any CPU
		{494D13F0-0920-448B-BF02-CA30A65560C3}.Release|Any CPU.ActiveCfg = Release|Any CPU
		{494D13F0-0920-448B-BF02-CA30A65560C3}.Release|Any CPU.Build.0 = Release|Any CPU
		{494D13F0-0920-448B-BF02-CA30A65560C3}.Release|x86.ActiveCfg = Release|Any CPU
		{494D13F0-0920-448B-BF02-CA30A65560C3}.Release|x86.Build.0 = Release|Any CPU
	EndGlobalSection
	GlobalSection(SolutionProperties) = preSolution
		HideSolutionNode = FALSE
	EndGlobalSection
	GlobalSection(ExtensibilityGlobals) = postSolution
		SolutionGuid = {A12081BD-AF65-4E65-B0DE-A438FD5850F7}
	EndGlobalSection
EndGlobal
